{
  "name": "alphabets",
  "lockfileVersion": 3,
  "requires": true,
  "packages": {
    "": {
      "dependencies": {
        "alphabets": "^2.0.2"
      }
    },
    "node_modules/alphabets": {
      "version": "2.0.2",
      "resolved": "https://registry.npmjs.org/alphabets/-/alphabets-2.0.2.tgz",
      "integrity": "sha512-tgPLNXO8oZXK57/xDf6zmzp0rGYTeueB3YDHQBxGuUbDoWyJoxEuaHDnnWcz4PNFHHEAra0V7GaF7xjZFEgNvw=="
    }
  }
}
